
Microsoft Visual Studio Solution File, Format Version 12.00
# Visual Studio Version 17
VisualStudioVersion = 17.9.34616.47
MinimumVisualStudioVersion = 10.0.40219.1
Project("{FAE04EC0-301F-11D3-BF4B-00C04F79EFBC}") = "demo.dal", "demo.dal.csproj", "{AFDA3A23-A7B3-4DB2-920B-46144CEBF46D}"
EndProject
Project("{FAE04EC0-301F-11D3-BF4B-00C04F79EFBC}") = "demo.bll", "..\demo.bll\demo.bll.csproj", "{847C7B93-03F0-4C0D-8E70-0A157310348A}"
EndProject
Project("{FAE04EC0-301F-11D3-BF4B-00C04F79EFBC}") = "demo.PL", "..\demo.PL\demo.PL.csproj", "{76B67050-38EF-42FF-A7A7-E036417984B0}"
EndProject
Global
	GlobalSection(SolutionConfigurationPlatforms) = preSolution
		Debug|Any CPU = Debug|Any CPU
		Release|Any CPU = Release|Any CPU
	EndGlobalSection
	GlobalSection(ProjectConfigurationPlatforms) = postSolution
		{AFDA3A23-A7B3-4DB2-920B-46144CEBF46D}.Debug|Any CPU.ActiveCfg = Debug|Any CPU
		{AFDA3A23-A7B3-4DB2-920B-46144CEBF46D}.Debug|Any CPU.Build.0 = Debug|Any CPU
		{AFDA3A23-A7B3-4DB2-920B-46144CEBF46D}.Release|Any CPU.ActiveCfg = Release|Any CPU
		{AFDA3A23-A7B3-4DB2-920B-46144CEBF46D}.Release|Any CPU.Build.0 = Release|Any CPU
		{847C7B93-03F0-4C0D-8E70-0A157310348A}.Debug|Any CPU.ActiveCfg = Debug|Any CPU
		{847C7B93-03F0-4C0D-8E70-0A157310348A}.Debug|Any CPU.Build.0 = Debug|Any CPU
		{847C7B93-03F0-4C0D-8E70-0A157310348A}.Release|Any CPU.ActiveCfg = Release|Any CPU
		{847C7B93-03F0-4C0D-8E70-0A157310348A}.Release|Any CPU.Build.0 = Release|Any CPU
		{76B67050-38EF-42FF-A7A7-E036417984B0}.Debug|Any CPU.ActiveCfg = Debug|Any CPU
		{76B67050-38EF-42FF-A7A7-E036417984B0}.Debug|Any CPU.Build.0 = Debug|Any CPU
		{76B67050-38EF-42FF-A7A7-E036417984B0}.Release|Any CPU.ActiveCfg = Release|Any CPU
		{76B67050-38EF-42FF-A7A7-E036417984B0}.Release|Any CPU.Build.0 = Release|Any CPU
	EndGlobalSection
	GlobalSection(SolutionProperties) = preSolution
		HideSolutionNode = FALSE
	EndGlobalSection
	GlobalSection(ExtensibilityGlobals) = postSolution
		SolutionGuid = {2A751DFB-47A9-4644-AFC9-4A20AB40B83C}
	EndGlobalSection
EndGlobal
